
Microsoft Visual Studio Solution File, Format Version 12.00
# Visual Studio Version 16
VisualStudioVersion = 16.0.31025.194
MinimumVisualStudioVersion = 10.0.40219.1
Project("{FAE04EC0-301F-11D3-BF4B-00C04F79EFBC}") = "dvd-screensaver", "dvd-screensaver\dvd-screensaver.csproj", "{CA8F53F2-7136-491C-BC07-58DB586E024B}"
EndProject
Global
	GlobalSection(SolutionConfigurationPlatforms) = preSolution
		Debug|Any CPU = Debug|Any CPU
		Release|Any CPU = Release|Any CPU
	EndGlobalSection
	GlobalSection(ProjectConfigurationPlatforms) = postSolution
		{CA8F53F2-7136-491C-BC07-58DB586E024B}.Debug|Any CPU.ActiveCfg = Debug|Any CPU
		{CA8F53F2-7136-491C-BC07-58DB586E024B}.Debug|Any CPU.Build.0 = Debug|Any CPU
		{CA8F53F2-7136-491C-BC07-58DB586E024B}.Release|Any CPU.ActiveCfg = Release|Any CPU
		{CA8F53F2-7136-491C-BC07-58DB586E024B}.Release|Any CPU.Build.0 = Release|Any CPU
	EndGlobalSection
	GlobalSection(SolutionProperties) = preSolution
		HideSolutionNode = FALSE
	EndGlobalSection
	GlobalSection(ExtensibilityGlobals) = postSolution
		SolutionGuid = {59B75995-105F-47F9-B517-7A401B4A9229}
	EndGlobalSection
EndGlobal
